
Microsoft Visual Studio Solution File, Format Version 12.00
Project("{2150E333-8FDC-42A3-9474-1A3956D46DE8}") = "Publishers", "Publishers", "{57CAE597-18E7-4ADE-A318-A7EC02F35AFC}"
EndProject
Project("{2150E333-8FDC-42A3-9474-1A3956D46DE8}") = "Subscribers", "Subscribers", "{861B0819-8631-4867-926B-0AA56B2EF4D6}"
EndProject
Project("{FAE04EC0-301F-11D3-BF4B-00C04F79EFBC}") = "MyPublisher", "MyPublisher\MyPublisher.csproj", "{2ED45F6A-2952-47B0-BA0F-B70EB4D3FD58}"
EndProject
Project("{FAE04EC0-301F-11D3-BF4B-00C04F79EFBC}") = "MySubscriber1", "MySubscriber1\MySubscriber1.csproj", "{5B995750-F874-4185-B1BA-B644B374A103}"
EndProject
Project("{FAE04EC0-301F-11D3-BF4B-00C04F79EFBC}") = "MySubscriber2", "MySubscriber2\MySubscriber2.csproj", "{F2422AD7-7DE4-4565-8F38-D337C9B458FF}"
EndProject
Global
	GlobalSection(SolutionConfigurationPlatforms) = preSolution
		Debug|Any CPU = Debug|Any CPU
		Release|Any CPU = Release|Any CPU
	EndGlobalSection
	GlobalSection(NestedProjects) = preSolution
		{2ED45F6A-2952-47B0-BA0F-B70EB4D3FD58} = {57CAE597-18E7-4ADE-A318-A7EC02F35AFC}
		{5B995750-F874-4185-B1BA-B644B374A103} = {861B0819-8631-4867-926B-0AA56B2EF4D6}
		{F2422AD7-7DE4-4565-8F38-D337C9B458FF} = {861B0819-8631-4867-926B-0AA56B2EF4D6}
	EndGlobalSection
	GlobalSection(ProjectConfigurationPlatforms) = postSolution
		{2ED45F6A-2952-47B0-BA0F-B70EB4D3FD58}.Debug|Any CPU.ActiveCfg = Debug|Any CPU
		{2ED45F6A-2952-47B0-BA0F-B70EB4D3FD58}.Debug|Any CPU.Build.0 = Debug|Any CPU
		{2ED45F6A-2952-47B0-BA0F-B70EB4D3FD58}.Release|Any CPU.ActiveCfg = Release|Any CPU
		{2ED45F6A-2952-47B0-BA0F-B70EB4D3FD58}.Release|Any CPU.Build.0 = Release|Any CPU
		{5B995750-F874-4185-B1BA-B644B374A103}.Debug|Any CPU.ActiveCfg = Debug|Any CPU
		{5B995750-F874-4185-B1BA-B644B374A103}.Debug|Any CPU.Build.0 = Debug|Any CPU
		{5B995750-F874-4185-B1BA-B644B374A103}.Release|Any CPU.ActiveCfg = Release|Any CPU
		{5B995750-F874-4185-B1BA-B644B374A103}.Release|Any CPU.Build.0 = Release|Any CPU
		{F2422AD7-7DE4-4565-8F38-D337C9B458FF}.Debug|Any CPU.ActiveCfg = Debug|Any CPU
		{F2422AD7-7DE4-4565-8F38-D337C9B458FF}.Debug|Any CPU.Build.0 = Debug|Any CPU
		{F2422AD7-7DE4-4565-8F38-D337C9B458FF}.Release|Any CPU.ActiveCfg = Release|Any CPU
		{F2422AD7-7DE4-4565-8F38-D337C9B458FF}.Release|Any CPU.Build.0 = Release|Any CPU
	EndGlobalSection
EndGlobal
